
Microsoft Visual Studio Solution File, Format Version 12.00
# Visual Studio Version 17
VisualStudioVersion = 17.6.33829.357
MinimumVisualStudioVersion = 10.0.40219.1
Project("{8BC9CEB8-8B4A-11D0-8D11-00A0C91BC942}") = "Erosion", "Erosion.vcxproj", "{EF20D998-CFFD-4FC0-A53D-CD075A94062C}"
EndProject
Global
	GlobalSection(SolutionConfigurationPlatforms) = preSolution
		Debug|x64 = Debug|x64
		Debug|x86 = Debug|x86
		Release|x64 = Release|x64
		Release|x86 = Release|x86
	EndGlobalSection
	GlobalSection(ProjectConfigurationPlatforms) = postSolution
		{EF20D998-CFFD-4FC0-A53D-CD075A94062C}.Debug|x64.ActiveCfg = Debug|x64
		{EF20D998-CFFD-4FC0-A53D-CD075A94062C}.Debug|x64.Build.0 = Debug|x64
		{EF20D998-CFFD-4FC0-A53D-CD075A94062C}.Debug|x86.ActiveCfg = Debug|Win32
		{EF20D998-CFFD-4FC0-A53D-CD075A94062C}.Debug|x86.Build.0 = Debug|Win32
		{EF20D998-CFFD-4FC0-A53D-CD075A94062C}.Release|x64.ActiveCfg = Release|x64
		{EF20D998-CFFD-4FC0-A53D-CD075A94062C}.Release|x64.Build.0 = Release|x64
		{EF20D998-CFFD-4FC0-A53D-CD075A94062C}.Release|x86.ActiveCfg = Release|Win32
		{EF20D998-CFFD-4FC0-A53D-CD075A94062C}.Release|x86.Build.0 = Release|Win32
	EndGlobalSection
	GlobalSection(SolutionProperties) = preSolution
		HideSolutionNode = FALSE
	EndGlobalSection
	GlobalSection(ExtensibilityGlobals) = postSolution
		SolutionGuid = {BCD9A36E-67CA-40B9-8CC4-9D580A7292BB}
	EndGlobalSection
EndGlobal
